
Microsoft Visual Studio Solution File, Format Version 12.00
# Visual Studio 2012
Project("{FAE04EC0-301F-11D3-BF4B-00C04F79EFBC}") = "ExchangeCalendarMerge", "ExchangeCalendarMerge\ExchangeCalendarMerge.csproj", "{001C46D2-21AB-499F-91AA-F5AC2E39BE17}"
EndProject
Project("{FAE04EC0-301F-11D3-BF4B-00C04F79EFBC}") = "ExchangeCalendarMergeTests", "ExchangeCalendarMergeTests\ExchangeCalendarMergeTests.csproj", "{FDA8C8CD-2A21-463C-97A8-6B2AD443E107}"
EndProject
Global
	GlobalSection(SolutionConfigurationPlatforms) = preSolution
		Debug|Any CPU = Debug|Any CPU
		Release|Any CPU = Release|Any CPU
	EndGlobalSection
	GlobalSection(ProjectConfigurationPlatforms) = postSolution
		{001C46D2-21AB-499F-91AA-F5AC2E39BE17}.Debug|Any CPU.ActiveCfg = Debug|Any CPU
		{001C46D2-21AB-499F-91AA-F5AC2E39BE17}.Debug|Any CPU.Build.0 = Debug|Any CPU
		{001C46D2-21AB-499F-91AA-F5AC2E39BE17}.Release|Any CPU.ActiveCfg = Release|Any CPU
		{001C46D2-21AB-499F-91AA-F5AC2E39BE17}.Release|Any CPU.Build.0 = Release|Any CPU
		{FDA8C8CD-2A21-463C-97A8-6B2AD443E107}.Debug|Any CPU.ActiveCfg = Debug|Any CPU
		{FDA8C8CD-2A21-463C-97A8-6B2AD443E107}.Debug|Any CPU.Build.0 = Debug|Any CPU
		{FDA8C8CD-2A21-463C-97A8-6B2AD443E107}.Release|Any CPU.ActiveCfg = Release|Any CPU
		{FDA8C8CD-2A21-463C-97A8-6B2AD443E107}.Release|Any CPU.Build.0 = Release|Any CPU
	EndGlobalSection
	GlobalSection(SolutionProperties) = preSolution
		HideSolutionNode = FALSE
	EndGlobalSection
EndGlobal
